# This file was autogenerated by Stack.
# You should not edit this file by hand.
# For more information, please see the documentation at:
#   https://docs.haskellstack.org/en/stable/lock_files

packages:
- completed:
    cabal-file:
      size: 3219
      sha256: c2d455a64f2fad7e42866e254528d89bd85ebf99ce85c8e871b6e508b8c7d76d
    name: purescript-bridge
    version: 0.13.0.0
    git: https://github.com/eskimor/purescript-bridge.git
    pantry-tree:
      size: 1562
      sha256: 7b83f3587ddb147d80a775f10c01052db6fda5ddfd73be08960719ed6c345f12
    commit: cb00f5e746a05d06eb32001e4579af64c29d567b
  original:
    git: https://github.com/eskimor/purescript-bridge.git
    commit: cb00f5e746a05d06eb32001e4579af64c29d567b
- completed:
    hackage: hasql-migration-0.2.0@sha256:dd687d2dbf301801ab0616475c8ced3bb13e20f131c31238d8b17263c1e44749,2853
    pantry-tree:
      size: 589
      sha256: c2cc4132a687cb24771836cc3d61a765169f6998b78d6c45c01f45b3b967ff52
  original:
    hackage: hasql-migration-0.2.0@sha256:dd687d2dbf301801ab0616475c8ced3bb13e20f131c31238d8b17263c1e44749
- completed:
    hackage: beam-postgres-0.4.0.0@sha256:a01443ce503cfc58cbe28f476252672282347579444b65f2925a12ba6a2c13f5,4173
    pantry-tree:
      size: 1519
      sha256: 43e16080098e8f673005723a0ca208850c88dced527030341f919859a54cde91
  original:
    hackage: beam-postgres-0.4.0.0@sha256:a01443ce503cfc58cbe28f476252672282347579444b65f2925a12ba6a2c13f5
- completed:
    hackage: beam-migrate-0.4.0.1@sha256:c53948a84972f67e97ba9c56f3dda9abfed556ba2f1672dc3070eb2512791efb,4920
    pantry-tree:
      size: 1720
      sha256: 7ab124f3ac3c74bf5b342d2ef73c9ef3c13ddd7b0804aea340423ceb1baf72a1
  original:
    hackage: beam-migrate-0.4.0.1@sha256:c53948a84972f67e97ba9c56f3dda9abfed556ba2f1672dc3070eb2512791efb
snapshots:
- completed:
    size: 498402
    url: https://raw.githubusercontent.com/commercialhaskell/stackage-snapshots/master/lts/13/24.yaml
    sha256: 33e96adfe24f112b62f6edd22565cdbaa13155703bbfbfdc3d0a9bc6138ae7bf
  original: lts-13.24
