# This file was autogenerated by Stack.
# You should not edit this file by hand.
# For more information, please see the documentation at:
#   https://docs.haskellstack.org/en/stable/lock_files

packages:
- completed:
    cabal-file:
      size: 3219
      sha256: c2d455a64f2fad7e42866e254528d89bd85ebf99ce85c8e871b6e508b8c7d76d
    name: purescript-bridge
    version: 0.13.0.0
    git: https://github.com/eskimor/purescript-bridge.git
    pantry-tree:
      size: 1562
      sha256: 7b83f3587ddb147d80a775f10c01052db6fda5ddfd73be08960719ed6c345f12
    commit: cb00f5e746a05d06eb32001e4579af64c29d567b
  original:
    git: https://github.com/eskimor/purescript-bridge.git
    commit: cb00f5e746a05d06eb32001e4579af64c29d567b
- completed:
    hackage: beam-postgres-0.4.0.0@sha256:a01443ce503cfc58cbe28f476252672282347579444b65f2925a12ba6a2c13f5,4173
    pantry-tree:
      size: 1519
      sha256: 43e16080098e8f673005723a0ca208850c88dced527030341f919859a54cde91
  original:
    hackage: beam-postgres-0.4.0.0@sha256:a01443ce503cfc58cbe28f476252672282347579444b65f2925a12ba6a2c13f5
- completed:
    hackage: beam-migrate-0.4.0.1@sha256:c53948a84972f67e97ba9c56f3dda9abfed556ba2f1672dc3070eb2512791efb,4920
    pantry-tree:
      size: 1720
      sha256: 7ab124f3ac3c74bf5b342d2ef73c9ef3c13ddd7b0804aea340423ceb1baf72a1
  original:
    hackage: beam-migrate-0.4.0.1@sha256:c53948a84972f67e97ba9c56f3dda9abfed556ba2f1672dc3070eb2512791efb
- completed:
    hackage: load-env-0.2.1.0@sha256:17628d397cf7ba6af9bf103c2c3592bb246e2ad58bd019cc5071c654887b1083,1866
    pantry-tree:
      size: 601
      sha256: 12947042909a99d32d10cb72865db781867f34c0bd28c430091c2b80db1f1109
  original:
    hackage: load-env-0.2.1.0@sha256:17628d397cf7ba6af9bf103c2c3592bb246e2ad58bd019cc5071c654887b1083,1866
snapshots:
- completed:
    size: 525663
    url: https://raw.githubusercontent.com/commercialhaskell/stackage-snapshots/master/lts/14/14.yaml
    sha256: 6edc48df46eb8bf7b861e98dd30d021a92c2e1820c9bb6528aac5d997b0e14ef
  original: lts-14.14
