# This file was autogenerated by Stack.
# You should not edit this file by hand.
# For more information, please see the documentation at:
#   https://docs.haskellstack.org/en/stable/lock_files

packages:
- completed:
    hackage: purescript-bridge-0.14.0.0@sha256:f4597cb0e5ca83890a642bc35dc2df503fda720a600d2a4782b4e737ebf6fcae,3219
    pantry-tree:
      size: 1150
      sha256: 7135d65b43e07df2ec8006432a74bc603c63bea00242ec21a814c49cbffc48fc
  original:
    hackage: purescript-bridge-0.14.0.0
- completed:
    hackage: load-env-0.2.1.0@sha256:17628d397cf7ba6af9bf103c2c3592bb246e2ad58bd019cc5071c654887b1083,1866
    pantry-tree:
      size: 601
      sha256: 12947042909a99d32d10cb72865db781867f34c0bd28c430091c2b80db1f1109
  original:
    hackage: load-env-0.2.1.0@sha256:17628d397cf7ba6af9bf103c2c3592bb246e2ad58bd019cc5071c654887b1083,1866
- completed:
    subdir: beam-core
    name: beam-core
    version: 0.9.0.0
    git: https://github.com/blombern/beam.git
    pantry-tree:
      size: 2623
      sha256: 1ee40afc20341fa803dab7fe22b40d1c5bf83aebf35fedfe18b5c372d729228b
    commit: b7c0c035d751bbb643af8c2eb2371f719ee4af6e
  original:
    subdir: beam-core
    git: https://github.com/blombern/beam.git
    commit: b7c0c035d751bbb643af8c2eb2371f719ee4af6e
- completed:
    subdir: beam-postgres
    name: beam-postgres
    version: 0.5.0.0
    git: https://github.com/blombern/beam.git
    pantry-tree:
      size: 2507
      sha256: 2e56f2ddc2cda09c212466c096705a8efc9a61a8dfd8a4c68196b590753604fd
    commit: b7c0c035d751bbb643af8c2eb2371f719ee4af6e
  original:
    subdir: beam-postgres
    git: https://github.com/blombern/beam.git
    commit: b7c0c035d751bbb643af8c2eb2371f719ee4af6e
- completed:
    subdir: beam-migrate
    name: beam-migrate
    version: 0.5.0.0
    git: https://github.com/blombern/beam.git
    pantry-tree:
      size: 1825
      sha256: 3ef904145e6e05e2f1cf6558e40f109f2751f08d2f8ce446f4e43ab70675936b
    commit: b7c0c035d751bbb643af8c2eb2371f719ee4af6e
  original:
    subdir: beam-migrate
    git: https://github.com/blombern/beam.git
    commit: b7c0c035d751bbb643af8c2eb2371f719ee4af6e
- completed:
    hackage: dependent-map-0.4.0.0@sha256:ca2b131046f4340a1c35d138c5a003fe4a5be96b14efc26291ed35fd08c62221,1657
    pantry-tree:
      size: 551
      sha256: 5defa30010904d2ad05a036f3eaf83793506717c93cbeb599f40db1a3632cfc5
  original:
    hackage: dependent-map-0.4.0.0@sha256:ca2b131046f4340a1c35d138c5a003fe4a5be96b14efc26291ed35fd08c62221,1657
- completed:
    hackage: dependent-sum-0.7.1.0@sha256:5599aa89637db434431b1dd3fa7c34bc3d565ee44f0519bfbc877be1927c2531,2068
    pantry-tree:
      size: 290
      sha256: 9cbfb32b5a8a782b7a1c941803fd517633cb699159b851c1d82267a9e9391b50
  original:
    hackage: dependent-sum-0.7.1.0@sha256:5599aa89637db434431b1dd3fa7c34bc3d565ee44f0519bfbc877be1927c2531,2068
- completed:
    hackage: haskell-src-exts-1.21.1@sha256:11d18ec3f463185f81b7819376b532e3087f8192cffc629aac5c9eec88897b35,4541
    pantry-tree:
      size: 95170
      sha256: 487db8defe20a7c8bdf5b4a9a68ec616a4349bdb643f2dc7c9d71e1a6495c8c7
  original:
    hackage: haskell-src-exts-1.21.1@sha256:11d18ec3f463185f81b7819376b532e3087f8192cffc629aac5c9eec88897b35,4541
- completed:
    hackage: postgresql-simple-migration-0.1.15.0@sha256:0e24e96908430f5caf9c1c1d9ca7c5c108e4e0409a255e2cbd77e8cd252dbb02,3879
    pantry-tree:
      size: 766
      sha256: c2843bfe43b804992bc913f33ec6b2c6cb0fc99c6d931b6ff85894e8aef9a99e
  original:
    hackage: postgresql-simple-migration-0.1.15.0@sha256:0e24e96908430f5caf9c1c1d9ca7c5c108e4e0409a255e2cbd77e8cd252dbb02,3879
- completed:
    hackage: constraints-extras-0.3.0.2@sha256:013b8d0392582c6ca068e226718a4fe8be8e22321cc0634f6115505bf377ad26,1853
    pantry-tree:
      size: 594
      sha256: 3ce1012bfb02e4d7def9df19ce80b8cd2b472c691b25b181d9960638673fecd1
  original:
    hackage: constraints-extras-0.3.0.2@sha256:013b8d0392582c6ca068e226718a4fe8be8e22321cc0634f6115505bf377ad26,1853
snapshots:
- completed:
    size: 532386
    url: https://raw.githubusercontent.com/commercialhaskell/stackage-snapshots/master/lts/16/17.yaml
    sha256: d3ee1ae797cf63189c95cf27f00700304946c5cb3c1e6a82001cd6584a221e1b
  original: lts-16.17
