# THIS IS AN AUTOGENERATED FILE. DO NOT EDIT THIS FILE DIRECTLY.
# yarn lockfile v1


"@types/ramda@^0.26.36":
  version "0.26.36"
  resolved "https://registry.yarnpkg.com/@types/ramda/-/ramda-0.26.36.tgz#094f495c04f8876f583597ae73dce7eac94fc6ba"
  integrity sha512-uo22Nf32Cc3EURp9tYlFttY8MVQZ1zoVum+D+yQ2jm4IqQFxDtwCQlP/WMwbuj4ey5kw1rJ7v6OacDszfWiqLA==
  dependencies:
    ts-toolbelt "^4.10.7"

delay@^4.3.0:
  version "4.3.0"
  resolved "https://registry.yarnpkg.com/delay/-/delay-4.3.0.tgz#efeebfb8f545579cb396b3a722443ec96d14c50e"
  integrity sha512-Lwaf3zVFDMBop1yDuFZ19F9WyGcZcGacsbdlZtWjQmM50tOcMntm1njF/Nb/Vjij3KaSvCF+sEYGKrrjObu2NA==

fp-ts@^2.2.0:
  version "2.2.0"
  resolved "https://registry.yarnpkg.com/fp-ts/-/fp-ts-2.2.0.tgz#7a442c6389e9b8424a5deb55eb099a8840072f4a"
  integrity sha512-muJL9NOYluuoRezrvOyQvLAHIXrYg7u/Tc6cu4PP/Ed4TJKrm6BVSX8H1goT/4nhgP/yQ+Z4Xjjt4ijeKFX4Ng==

p-limit@^2.2.1:
  version "2.2.1"
  resolved "https://registry.yarnpkg.com/p-limit/-/p-limit-2.2.1.tgz#aa07a788cc3151c939b5131f63570f0dd2009537"
  integrity sha512-85Tk+90UCVWvbDavCLKPOLC9vvY8OwEX/RtKF+/1OADJMVlFfEHOiMTPVyxg7mk/dKa+ipdHm0OUkTvCpMTuwg==
  dependencies:
    p-try "^2.0.0"

p-try@^2.0.0:
  version "2.2.0"
  resolved "https://registry.yarnpkg.com/p-try/-/p-try-2.2.0.tgz#cb2868540e313d61de58fafbe35ce9004d5540e6"
  integrity sha512-R4nPAVTAU0B9D35/Gk3uJf/7XYbQcyohSKdvAxIRSNghFl4e71hVoGnBNQz9cWaXxO2I10KTC+3jMdvvoKw6dQ==

prettier@^1.19.1:
  version "1.19.1"
  resolved "https://registry.yarnpkg.com/prettier/-/prettier-1.19.1.tgz#f7d7f5ff8a9cd872a7be4ca142095956a60797cb"
  integrity sha512-s7PoyDv/II1ObgQunCbB9PdLmUcBZcnWOcxDh7O0N/UwDEsHyqkW+Qh28jW+mVuCdx7gLB0BotYI1Y6uI9iyew==

ramda@^0.26.1:
  version "0.26.1"
  resolved "https://registry.yarnpkg.com/ramda/-/ramda-0.26.1.tgz#8d41351eb8111c55353617fc3bbffad8e4d35d06"
  integrity sha512-hLWjpy7EnsDBb0p+Z3B7rPi3GDeRG5ZtiI33kJhTt+ORCd38AbAIjB/9zRIUoeTbE/AVX5ZkU7m6bznsvrf8eQ==

ts-toolbelt@^4.10.7:
  version "4.10.21"
  resolved "https://registry.yarnpkg.com/ts-toolbelt/-/ts-toolbelt-4.10.21.tgz#b88797c82161c9d019c1f3cf940b56540766eb6e"
  integrity sha512-89MjhFYWESgNoQVFZXmZL8o25cOg/7nlky2XyDEyXFMFj8SvjGPnvm1mcZSkKO+ipBHa5iforjAJ4ZScaBokUA==

typescript@^3.7.2:
  version "3.7.2"
  resolved "https://registry.yarnpkg.com/typescript/-/typescript-3.7.2.tgz#27e489b95fa5909445e9fef5ee48d81697ad18fb"
  integrity sha512-ml7V7JfiN2Xwvcer+XAf2csGO1bPBdRbFCkYBczNZggrBZ9c7G3riSUeJmqEU5uOtXNPMhE3n+R4FA/3YOAWOQ==

when-dom-ready@^1.2.12:
  version "1.2.12"
  resolved "https://registry.yarnpkg.com/when-dom-ready/-/when-dom-ready-1.2.12.tgz#99f46f02ef65dbb2bb2f4b58c44588234e724c98"
  integrity sha1-mfRvAu9l27K7L0tYxEWII05yTJg=
